
Microsoft Visual Studio Solution File, Format Version 12.00
# Visual Studio 15
VisualStudioVersion = 15.0.28010.2048
MinimumVisualStudioVersion = 10.0.40219.1
Project("{9A19103F-16F7-4668-BE54-9A1E7A4F7556}") = "FN.WorkShopAngularNetCore.Api", "FN.WorkShopAngularNetCore.Api\FN.WorkShopAngularNetCore.Api.csproj", "{560C188C-A990-4FC5-AC88-73A6CFF51347}"
EndProject
Project("{9A19103F-16F7-4668-BE54-9A1E7A4F7556}") = "FN.WorkShopAngularNetCore.Domain", "FN.WorkShopAngularNetCore.Domain\FN.WorkShopAngularNetCore.Domain.csproj", "{AACF284C-BC6E-4A93-848C-14750304F157}"
EndProject
Project("{9A19103F-16F7-4668-BE54-9A1E7A4F7556}") = "FN.WorkShopAngularNetCore.Data", "FN.WorkShopAngularNetCore.Data\FN.WorkShopAngularNetCore.Data.csproj", "{95A38F7A-86A0-4252-A1C4-7D94341D884B}"
EndProject
Project("{9A19103F-16F7-4668-BE54-9A1E7A4F7556}") = "FN.WorkShopAngularNetCore.Infra.CrossCuting", "FN.WorkShopAngularNetCore.Infra.CrossCuting\FN.WorkShopAngularNetCore.Infra.CrossCuting.csproj", "{5225EF96-4C62-490B-A960-CD9053B3F2A4}"
EndProject
Global
	GlobalSection(SolutionConfigurationPlatforms) = preSolution
		Debug|Any CPU = Debug|Any CPU
		Release|Any CPU = Release|Any CPU
	EndGlobalSection
	GlobalSection(ProjectConfigurationPlatforms) = postSolution
		{560C188C-A990-4FC5-AC88-73A6CFF51347}.Debug|Any CPU.ActiveCfg = Debug|Any CPU
		{560C188C-A990-4FC5-AC88-73A6CFF51347}.Debug|Any CPU.Build.0 = Debug|Any CPU
		{560C188C-A990-4FC5-AC88-73A6CFF51347}.Release|Any CPU.ActiveCfg = Release|Any CPU
		{560C188C-A990-4FC5-AC88-73A6CFF51347}.Release|Any CPU.Build.0 = Release|Any CPU
		{AACF284C-BC6E-4A93-848C-14750304F157}.Debug|Any CPU.ActiveCfg = Debug|Any CPU
		{AACF284C-BC6E-4A93-848C-14750304F157}.Debug|Any CPU.Build.0 = Debug|Any CPU
		{AACF284C-BC6E-4A93-848C-14750304F157}.Release|Any CPU.ActiveCfg = Release|Any CPU
		{AACF284C-BC6E-4A93-848C-14750304F157}.Release|Any CPU.Build.0 = Release|Any CPU
		{95A38F7A-86A0-4252-A1C4-7D94341D884B}.Debug|Any CPU.ActiveCfg = Debug|Any CPU
		{95A38F7A-86A0-4252-A1C4-7D94341D884B}.Debug|Any CPU.Build.0 = Debug|Any CPU
		{95A38F7A-86A0-4252-A1C4-7D94341D884B}.Release|Any CPU.ActiveCfg = Release|Any CPU
		{95A38F7A-86A0-4252-A1C4-7D94341D884B}.Release|Any CPU.Build.0 = Release|Any CPU
		{5225EF96-4C62-490B-A960-CD9053B3F2A4}.Debug|Any CPU.ActiveCfg = Debug|Any CPU
		{5225EF96-4C62-490B-A960-CD9053B3F2A4}.Debug|Any CPU.Build.0 = Debug|Any CPU
		{5225EF96-4C62-490B-A960-CD9053B3F2A4}.Release|Any CPU.ActiveCfg = Release|Any CPU
		{5225EF96-4C62-490B-A960-CD9053B3F2A4}.Release|Any CPU.Build.0 = Release|Any CPU
	EndGlobalSection
	GlobalSection(SolutionProperties) = preSolution
		HideSolutionNode = FALSE
	EndGlobalSection
	GlobalSection(ExtensibilityGlobals) = postSolution
		SolutionGuid = {0FF31077-6918-4AB5-A2F1-A014A3E2B7BD}
	EndGlobalSection
EndGlobal
