
Microsoft Visual Studio Solution File, Format Version 12.00
# Visual Studio 15
VisualStudioVersion = 15.0.28010.2048
MinimumVisualStudioVersion = 10.0.40219.1
Project("{FAE04EC0-301F-11D3-BF4B-00C04F79EFBC}") = "FN.WorkShopAngularNetCore.Domain", "FN.WorkShopAngularNetCore.Domain\FN.WorkShopAngularNetCore.Domain.csproj", "{FB0B9CBD-0411-4A0B-BB7F-EA4825AE5EBA}"
EndProject
Project("{FAE04EC0-301F-11D3-BF4B-00C04F79EFBC}") = "FN.WorkShopAngularNetCore.Data", "FN.WorkShopAngularNetCore.Data\FN.WorkShopAngularNetCore.Data.csproj", "{6C2EA02A-05D1-49ED-B881-5B342793286F}"
EndProject
Project("{FAE04EC0-301F-11D3-BF4B-00C04F79EFBC}") = "FN.WorkShopAngularNetCore.Infra.CrossCuting", "FN.WorkShopAngularNetCore.Infra.CrossCuting\FN.WorkShopAngularNetCore.Infra.CrossCuting.csproj", "{CA314F4F-605D-40F3-9B43-781D168FC73E}"
EndProject
Project("{9A19103F-16F7-4668-BE54-9A1E7A4F7556}") = "FN.WorkShopAngularNetCore.Api", "FN.WorkShopAngularNetCore.Api\FN.WorkShopAngularNetCore.Api.csproj", "{560C188C-A990-4FC5-AC88-73A6CFF51347}"
EndProject
Global
	GlobalSection(SolutionConfigurationPlatforms) = preSolution
		Debug|Any CPU = Debug|Any CPU
		Release|Any CPU = Release|Any CPU
	EndGlobalSection
	GlobalSection(ProjectConfigurationPlatforms) = postSolution
		{FB0B9CBD-0411-4A0B-BB7F-EA4825AE5EBA}.Debug|Any CPU.ActiveCfg = Debug|Any CPU
		{FB0B9CBD-0411-4A0B-BB7F-EA4825AE5EBA}.Debug|Any CPU.Build.0 = Debug|Any CPU
		{FB0B9CBD-0411-4A0B-BB7F-EA4825AE5EBA}.Release|Any CPU.ActiveCfg = Release|Any CPU
		{FB0B9CBD-0411-4A0B-BB7F-EA4825AE5EBA}.Release|Any CPU.Build.0 = Release|Any CPU
		{6C2EA02A-05D1-49ED-B881-5B342793286F}.Debug|Any CPU.ActiveCfg = Debug|Any CPU
		{6C2EA02A-05D1-49ED-B881-5B342793286F}.Debug|Any CPU.Build.0 = Debug|Any CPU
		{6C2EA02A-05D1-49ED-B881-5B342793286F}.Release|Any CPU.ActiveCfg = Release|Any CPU
		{6C2EA02A-05D1-49ED-B881-5B342793286F}.Release|Any CPU.Build.0 = Release|Any CPU
		{CA314F4F-605D-40F3-9B43-781D168FC73E}.Debug|Any CPU.ActiveCfg = Debug|Any CPU
		{CA314F4F-605D-40F3-9B43-781D168FC73E}.Debug|Any CPU.Build.0 = Debug|Any CPU
		{CA314F4F-605D-40F3-9B43-781D168FC73E}.Release|Any CPU.ActiveCfg = Release|Any CPU
		{CA314F4F-605D-40F3-9B43-781D168FC73E}.Release|Any CPU.Build.0 = Release|Any CPU
		{560C188C-A990-4FC5-AC88-73A6CFF51347}.Debug|Any CPU.ActiveCfg = Debug|Any CPU
		{560C188C-A990-4FC5-AC88-73A6CFF51347}.Debug|Any CPU.Build.0 = Debug|Any CPU
		{560C188C-A990-4FC5-AC88-73A6CFF51347}.Release|Any CPU.ActiveCfg = Release|Any CPU
		{560C188C-A990-4FC5-AC88-73A6CFF51347}.Release|Any CPU.Build.0 = Release|Any CPU
	EndGlobalSection
	GlobalSection(SolutionProperties) = preSolution
		HideSolutionNode = FALSE
	EndGlobalSection
	GlobalSection(ExtensibilityGlobals) = postSolution
		SolutionGuid = {0FF31077-6918-4AB5-A2F1-A014A3E2B7BD}
	EndGlobalSection
EndGlobal
